
Microsoft Visual Studio Solution File, Format Version 12.00
# Visual Studio Version 17
VisualStudioVersion = 17.10.35027.167
MinimumVisualStudioVersion = 10.0.40219.1
Project("{9A19103F-16F7-4668-BE54-9A1E7A4F7556}") = "ClassLibrary", "ClassLibrary\ClassLibrary.csproj", "{5E5CBD52-F3DC-475B-8ACB-09D1D11B2AF0}"
EndProject
Project("{9A19103F-16F7-4668-BE54-9A1E7A4F7556}") = "TestAppNFW", "TestAppNFW\TestAppNFW.csproj", "{8620061D-177C-480F-B17E-95E0DE700F08}"
EndProject
Project("{FAE04EC0-301F-11D3-BF4B-00C04F79EFBC}") = "TestAppNET", "TestAppNET\TestAppNET.csproj", "{EF6A8FB7-55FC-4C18-8B83-3822C5E7ECD3}"
EndProject
Global
	GlobalSection(SolutionConfigurationPlatforms) = preSolution
		Debug|Any CPU = Debug|Any CPU
		Release|Any CPU = Release|Any CPU
	EndGlobalSection
	GlobalSection(ProjectConfigurationPlatforms) = postSolution
		{5E5CBD52-F3DC-475B-8ACB-09D1D11B2AF0}.Debug|Any CPU.ActiveCfg = Debug|Any CPU
		{5E5CBD52-F3DC-475B-8ACB-09D1D11B2AF0}.Debug|Any CPU.Build.0 = Debug|Any CPU
		{5E5CBD52-F3DC-475B-8ACB-09D1D11B2AF0}.Release|Any CPU.ActiveCfg = Release|Any CPU
		{5E5CBD52-F3DC-475B-8ACB-09D1D11B2AF0}.Release|Any CPU.Build.0 = Release|Any CPU
		{8620061D-177C-480F-B17E-95E0DE700F08}.Debug|Any CPU.ActiveCfg = Debug|Any CPU
		{8620061D-177C-480F-B17E-95E0DE700F08}.Debug|Any CPU.Build.0 = Debug|Any CPU
		{8620061D-177C-480F-B17E-95E0DE700F08}.Release|Any CPU.ActiveCfg = Release|Any CPU
		{8620061D-177C-480F-B17E-95E0DE700F08}.Release|Any CPU.Build.0 = Release|Any CPU
		{EF6A8FB7-55FC-4C18-8B83-3822C5E7ECD3}.Debug|Any CPU.ActiveCfg = Debug|Any CPU
		{EF6A8FB7-55FC-4C18-8B83-3822C5E7ECD3}.Debug|Any CPU.Build.0 = Debug|Any CPU
		{EF6A8FB7-55FC-4C18-8B83-3822C5E7ECD3}.Release|Any CPU.ActiveCfg = Release|Any CPU
		{EF6A8FB7-55FC-4C18-8B83-3822C5E7ECD3}.Release|Any CPU.Build.0 = Release|Any CPU
	EndGlobalSection
	GlobalSection(SolutionProperties) = preSolution
		HideSolutionNode = FALSE
	EndGlobalSection
	GlobalSection(ExtensibilityGlobals) = postSolution
		SolutionGuid = {675FC3F0-C9D1-4D7C-AE3B-DE5D7C768F82}
	EndGlobalSection
EndGlobal
